
Microsoft Visual Studio Solution File, Format Version 12.00
# Visual Studio Version 16
VisualStudioVersion = 16.0.30717.126
MinimumVisualStudioVersion = 10.0.40219.1
Project("{9A19103F-16F7-4668-BE54-9A1E7A4F7556}") = "Day1", "Day1\Day1.csproj", "{D7BE96C0-481D-4E1F-B588-93224275EF42}"
EndProject
Project("{9A19103F-16F7-4668-BE54-9A1E7A4F7556}") = "Day2", "Day2\Day2.csproj", "{ED15BF48-5E95-4F42-A1C3-C6CA811A87F0}"
EndProject
Project("{9A19103F-16F7-4668-BE54-9A1E7A4F7556}") = "Lib", "Lib\Lib.csproj", "{BEBE2F18-6AB8-4D16-BB36-63CD75D596CA}"
EndProject
Project("{9A19103F-16F7-4668-BE54-9A1E7A4F7556}") = "Day3", "Day3\Day3.csproj", "{09BEB1F8-56ED-45A5-8114-B967A039099F}"
EndProject
Project("{9A19103F-16F7-4668-BE54-9A1E7A4F7556}") = "Day4", "Day4\Day4.csproj", "{E1ACDF6B-6294-44C1-8642-EB7730F05AD8}"
EndProject
Project("{9A19103F-16F7-4668-BE54-9A1E7A4F7556}") = "Day5", "Day5\Day5.csproj", "{F6FD9C71-7CA3-4BC3-A935-08B2072D9DE0}"
EndProject
Project("{9A19103F-16F7-4668-BE54-9A1E7A4F7556}") = "Day6", "Day6\Day6.csproj", "{56FF7F07-0160-41F8-A746-3F7A81956E23}"
EndProject
Project("{9A19103F-16F7-4668-BE54-9A1E7A4F7556}") = "Day7", "Day7\Day7.csproj", "{9DD94820-D971-4CFE-9671-89F683BC732D}"
EndProject
Project("{9A19103F-16F7-4668-BE54-9A1E7A4F7556}") = "Day8", "Day8\Day8.csproj", "{81B6556C-A424-4DEC-9B27-5A6F2DE33913}"
EndProject
Project("{9A19103F-16F7-4668-BE54-9A1E7A4F7556}") = "Day9", "Day9\Day9.csproj", "{6CE6B555-8154-4AE6-BF0D-898FB7CDF421}"
EndProject
Project("{9A19103F-16F7-4668-BE54-9A1E7A4F7556}") = "Day10", "Day10\Day10.csproj", "{2C09F14A-C27D-4C73-BAEF-D78030CE0928}"
EndProject
Project("{9A19103F-16F7-4668-BE54-9A1E7A4F7556}") = "Day11", "Day11\Day11.csproj", "{1A619E8F-5A0F-4721-8F8C-C6FC3636BAAF}"
EndProject
Project("{9A19103F-16F7-4668-BE54-9A1E7A4F7556}") = "Day12", "Day12\Day12.csproj", "{3FBF0C03-B1EF-45F3-A76C-A5F0C94EAC02}"
EndProject
Project("{9A19103F-16F7-4668-BE54-9A1E7A4F7556}") = "Day13", "Day13\Day13.csproj", "{3F5F3326-4B16-4E32-9928-F6F6E58C26F9}"
EndProject
Project("{9A19103F-16F7-4668-BE54-9A1E7A4F7556}") = "Day14", "Day14\Day14.csproj", "{5BA25C70-806C-48A7-9DF9-F09B80F4C279}"
EndProject
Project("{9A19103F-16F7-4668-BE54-9A1E7A4F7556}") = "Day15", "Day15\Day15.csproj", "{FF9F5808-A2D0-4F9F-9E78-4CC7725786C7}"
EndProject
Project("{9A19103F-16F7-4668-BE54-9A1E7A4F7556}") = "Day16", "Day16\Day16.csproj", "{5208688C-6546-4D89-836E-90CF9A1FD77D}"
EndProject
Project("{9A19103F-16F7-4668-BE54-9A1E7A4F7556}") = "Day17", "Day17\Day17.csproj", "{9573DA76-A524-44B4-91EF-AC00FCD8E25F}"
EndProject
Project("{FAE04EC0-301F-11D3-BF4B-00C04F79EFBC}") = "Day18", "Day18\Day18.csproj", "{CDB5D5EA-A3D4-4778-967F-50E3D249427C}"
EndProject
Global
	GlobalSection(SolutionConfigurationPlatforms) = preSolution
		Debug|Any CPU = Debug|Any CPU
		Release|Any CPU = Release|Any CPU
	EndGlobalSection
	GlobalSection(ProjectConfigurationPlatforms) = postSolution
		{D7BE96C0-481D-4E1F-B588-93224275EF42}.Debug|Any CPU.ActiveCfg = Debug|Any CPU
		{D7BE96C0-481D-4E1F-B588-93224275EF42}.Debug|Any CPU.Build.0 = Debug|Any CPU
		{D7BE96C0-481D-4E1F-B588-93224275EF42}.Release|Any CPU.ActiveCfg = Release|Any CPU
		{D7BE96C0-481D-4E1F-B588-93224275EF42}.Release|Any CPU.Build.0 = Release|Any CPU
		{ED15BF48-5E95-4F42-A1C3-C6CA811A87F0}.Debug|Any CPU.ActiveCfg = Debug|Any CPU
		{ED15BF48-5E95-4F42-A1C3-C6CA811A87F0}.Debug|Any CPU.Build.0 = Debug|Any CPU
		{ED15BF48-5E95-4F42-A1C3-C6CA811A87F0}.Release|Any CPU.ActiveCfg = Release|Any CPU
		{ED15BF48-5E95-4F42-A1C3-C6CA811A87F0}.Release|Any CPU.Build.0 = Release|Any CPU
		{BEBE2F18-6AB8-4D16-BB36-63CD75D596CA}.Debug|Any CPU.ActiveCfg = Debug|Any CPU
		{BEBE2F18-6AB8-4D16-BB36-63CD75D596CA}.Debug|Any CPU.Build.0 = Debug|Any CPU
		{BEBE2F18-6AB8-4D16-BB36-63CD75D596CA}.Release|Any CPU.ActiveCfg = Release|Any CPU
		{BEBE2F18-6AB8-4D16-BB36-63CD75D596CA}.Release|Any CPU.Build.0 = Release|Any CPU
		{09BEB1F8-56ED-45A5-8114-B967A039099F}.Debug|Any CPU.ActiveCfg = Debug|Any CPU
		{09BEB1F8-56ED-45A5-8114-B967A039099F}.Debug|Any CPU.Build.0 = Debug|Any CPU
		{09BEB1F8-56ED-45A5-8114-B967A039099F}.Release|Any CPU.ActiveCfg = Release|Any CPU
		{09BEB1F8-56ED-45A5-8114-B967A039099F}.Release|Any CPU.Build.0 = Release|Any CPU
		{E1ACDF6B-6294-44C1-8642-EB7730F05AD8}.Debug|Any CPU.ActiveCfg = Debug|Any CPU
		{E1ACDF6B-6294-44C1-8642-EB7730F05AD8}.Debug|Any CPU.Build.0 = Debug|Any CPU
		{E1ACDF6B-6294-44C1-8642-EB7730F05AD8}.Release|Any CPU.ActiveCfg = Release|Any CPU
		{E1ACDF6B-6294-44C1-8642-EB7730F05AD8}.Release|Any CPU.Build.0 = Release|Any CPU
		{F6FD9C71-7CA3-4BC3-A935-08B2072D9DE0}.Debug|Any CPU.ActiveCfg = Debug|Any CPU
		{F6FD9C71-7CA3-4BC3-A935-08B2072D9DE0}.Debug|Any CPU.Build.0 = Debug|Any CPU
		{F6FD9C71-7CA3-4BC3-A935-08B2072D9DE0}.Release|Any CPU.ActiveCfg = Release|Any CPU
		{F6FD9C71-7CA3-4BC3-A935-08B2072D9DE0}.Release|Any CPU.Build.0 = Release|Any CPU
		{56FF7F07-0160-41F8-A746-3F7A81956E23}.Debug|Any CPU.ActiveCfg = Debug|Any CPU
		{56FF7F07-0160-41F8-A746-3F7A81956E23}.Debug|Any CPU.Build.0 = Debug|Any CPU
		{56FF7F07-0160-41F8-A746-3F7A81956E23}.Release|Any CPU.ActiveCfg = Release|Any CPU
		{56FF7F07-0160-41F8-A746-3F7A81956E23}.Release|Any CPU.Build.0 = Release|Any CPU
		{9DD94820-D971-4CFE-9671-89F683BC732D}.Debug|Any CPU.ActiveCfg = Debug|Any CPU
		{9DD94820-D971-4CFE-9671-89F683BC732D}.Debug|Any CPU.Build.0 = Debug|Any CPU
		{9DD94820-D971-4CFE-9671-89F683BC732D}.Release|Any CPU.ActiveCfg = Release|Any CPU
		{9DD94820-D971-4CFE-9671-89F683BC732D}.Release|Any CPU.Build.0 = Release|Any CPU
		{81B6556C-A424-4DEC-9B27-5A6F2DE33913}.Debug|Any CPU.ActiveCfg = Debug|Any CPU
		{81B6556C-A424-4DEC-9B27-5A6F2DE33913}.Debug|Any CPU.Build.0 = Debug|Any CPU
		{81B6556C-A424-4DEC-9B27-5A6F2DE33913}.Release|Any CPU.ActiveCfg = Release|Any CPU
		{81B6556C-A424-4DEC-9B27-5A6F2DE33913}.Release|Any CPU.Build.0 = Release|Any CPU
		{6CE6B555-8154-4AE6-BF0D-898FB7CDF421}.Debug|Any CPU.ActiveCfg = Debug|Any CPU
		{6CE6B555-8154-4AE6-BF0D-898FB7CDF421}.Debug|Any CPU.Build.0 = Debug|Any CPU
		{6CE6B555-8154-4AE6-BF0D-898FB7CDF421}.Release|Any CPU.ActiveCfg = Release|Any CPU
		{6CE6B555-8154-4AE6-BF0D-898FB7CDF421}.Release|Any CPU.Build.0 = Release|Any CPU
		{2C09F14A-C27D-4C73-BAEF-D78030CE0928}.Debug|Any CPU.ActiveCfg = Debug|Any CPU
		{2C09F14A-C27D-4C73-BAEF-D78030CE0928}.Debug|Any CPU.Build.0 = Debug|Any CPU
		{2C09F14A-C27D-4C73-BAEF-D78030CE0928}.Release|Any CPU.ActiveCfg = Release|Any CPU
		{2C09F14A-C27D-4C73-BAEF-D78030CE0928}.Release|Any CPU.Build.0 = Release|Any CPU
		{1A619E8F-5A0F-4721-8F8C-C6FC3636BAAF}.Debug|Any CPU.ActiveCfg = Debug|Any CPU
		{1A619E8F-5A0F-4721-8F8C-C6FC3636BAAF}.Debug|Any CPU.Build.0 = Debug|Any CPU
		{1A619E8F-5A0F-4721-8F8C-C6FC3636BAAF}.Release|Any CPU.ActiveCfg = Release|Any CPU
		{1A619E8F-5A0F-4721-8F8C-C6FC3636BAAF}.Release|Any CPU.Build.0 = Release|Any CPU
		{3FBF0C03-B1EF-45F3-A76C-A5F0C94EAC02}.Debug|Any CPU.ActiveCfg = Debug|Any CPU
		{3FBF0C03-B1EF-45F3-A76C-A5F0C94EAC02}.Debug|Any CPU.Build.0 = Debug|Any CPU
		{3FBF0C03-B1EF-45F3-A76C-A5F0C94EAC02}.Release|Any CPU.ActiveCfg = Release|Any CPU
		{3FBF0C03-B1EF-45F3-A76C-A5F0C94EAC02}.Release|Any CPU.Build.0 = Release|Any CPU
		{3F5F3326-4B16-4E32-9928-F6F6E58C26F9}.Debug|Any CPU.ActiveCfg = Debug|Any CPU
		{3F5F3326-4B16-4E32-9928-F6F6E58C26F9}.Debug|Any CPU.Build.0 = Debug|Any CPU
		{3F5F3326-4B16-4E32-9928-F6F6E58C26F9}.Release|Any CPU.ActiveCfg = Release|Any CPU
		{3F5F3326-4B16-4E32-9928-F6F6E58C26F9}.Release|Any CPU.Build.0 = Release|Any CPU
		{5BA25C70-806C-48A7-9DF9-F09B80F4C279}.Debug|Any CPU.ActiveCfg = Debug|Any CPU
		{5BA25C70-806C-48A7-9DF9-F09B80F4C279}.Debug|Any CPU.Build.0 = Debug|Any CPU
		{5BA25C70-806C-48A7-9DF9-F09B80F4C279}.Release|Any CPU.ActiveCfg = Release|Any CPU
		{5BA25C70-806C-48A7-9DF9-F09B80F4C279}.Release|Any CPU.Build.0 = Release|Any CPU
		{FF9F5808-A2D0-4F9F-9E78-4CC7725786C7}.Debug|Any CPU.ActiveCfg = Debug|Any CPU
		{FF9F5808-A2D0-4F9F-9E78-4CC7725786C7}.Debug|Any CPU.Build.0 = Debug|Any CPU
		{FF9F5808-A2D0-4F9F-9E78-4CC7725786C7}.Release|Any CPU.ActiveCfg = Release|Any CPU
		{FF9F5808-A2D0-4F9F-9E78-4CC7725786C7}.Release|Any CPU.Build.0 = Release|Any CPU
		{5208688C-6546-4D89-836E-90CF9A1FD77D}.Debug|Any CPU.ActiveCfg = Debug|Any CPU
		{5208688C-6546-4D89-836E-90CF9A1FD77D}.Debug|Any CPU.Build.0 = Debug|Any CPU
		{5208688C-6546-4D89-836E-90CF9A1FD77D}.Release|Any CPU.ActiveCfg = Release|Any CPU
		{5208688C-6546-4D89-836E-90CF9A1FD77D}.Release|Any CPU.Build.0 = Release|Any CPU
		{9573DA76-A524-44B4-91EF-AC00FCD8E25F}.Debug|Any CPU.ActiveCfg = Debug|Any CPU
		{9573DA76-A524-44B4-91EF-AC00FCD8E25F}.Debug|Any CPU.Build.0 = Debug|Any CPU
		{9573DA76-A524-44B4-91EF-AC00FCD8E25F}.Release|Any CPU.ActiveCfg = Release|Any CPU
		{9573DA76-A524-44B4-91EF-AC00FCD8E25F}.Release|Any CPU.Build.0 = Release|Any CPU
		{CDB5D5EA-A3D4-4778-967F-50E3D249427C}.Debug|Any CPU.ActiveCfg = Debug|Any CPU
		{CDB5D5EA-A3D4-4778-967F-50E3D249427C}.Debug|Any CPU.Build.0 = Debug|Any CPU
		{CDB5D5EA-A3D4-4778-967F-50E3D249427C}.Release|Any CPU.ActiveCfg = Release|Any CPU
		{CDB5D5EA-A3D4-4778-967F-50E3D249427C}.Release|Any CPU.Build.0 = Release|Any CPU
	EndGlobalSection
	GlobalSection(SolutionProperties) = preSolution
		HideSolutionNode = FALSE
	EndGlobalSection
	GlobalSection(ExtensibilityGlobals) = postSolution
		SolutionGuid = {021F5498-BE18-4E90-ACEF-6ACE3E8609D8}
	EndGlobalSection
EndGlobal
